
Microsoft Visual Studio Solution File, Format Version 12.00
# Visual Studio Version 16
VisualStudioVersion = 16.0.29911.84
MinimumVisualStudioVersion = 10.0.40219.1
Project("{FAE04EC0-301F-11D3-BF4B-00C04F79EFBC}") = "TicTacToe", "TicTacToe.csproj", "{B66BD985-2483-4F75-B90B-8A850ED38F81}"
EndProject
Global
	GlobalSection(SolutionConfigurationPlatforms) = preSolution
		Debug|Any CPU = Debug|Any CPU
		Release|Any CPU = Release|Any CPU
	EndGlobalSection
	GlobalSection(ProjectConfigurationPlatforms) = postSolution
		{B66BD985-2483-4F75-B90B-8A850ED38F81}.Debug|Any CPU.ActiveCfg = Debug|Any CPU
		{B66BD985-2483-4F75-B90B-8A850ED38F81}.Debug|Any CPU.Build.0 = Debug|Any CPU
		{B66BD985-2483-4F75-B90B-8A850ED38F81}.Release|Any CPU.ActiveCfg = Release|Any CPU
		{B66BD985-2483-4F75-B90B-8A850ED38F81}.Release|Any CPU.Build.0 = Release|Any CPU
	EndGlobalSection
	GlobalSection(SolutionProperties) = preSolution
		HideSolutionNode = FALSE
	EndGlobalSection
	GlobalSection(ExtensibilityGlobals) = postSolution
		SolutionGuid = {B1C034A2-69A2-400B-90E9-83B5BA5C222C}
	EndGlobalSection
EndGlobal
